{
  "name": "test",
  "version": "1.0.0",
  "lockfileVersion": 1,
  "requires": true,
  "dependencies": {
    "node-mumble": {
      "version": "1.0.2",
      "resolved": "https://registry.npmjs.org/node-mumble/-/node-mumble-1.0.2.tgz",
      "integrity": "sha512-0v73rf+Uq039ihQfWJQA1pW2IBZDeVfx/vc5JMvfbVeZrql3Jd+1YL+ko6TMmS6ldZlHN5v7lZVB4gYuSz5C8w=="
    }
  }
}
